// !$*UTF8*$!
{
	archiveVersion = 1;
	classes = {
	};
	objectVersion = 50;
	objects = {

/* Begin PBXBuildFile section */
		DDF27A632269D2CB00057AF9 /* AppDelegate.swift in Sources */ = {isa = PBXBuildFile; fileRef = DDF27A622269D2CB00057AF9 /* AppDelegate.swift */; };
		DDF27A652269D2CB00057AF9 /* ViewController.swift in Sources */ = {isa = PBXBuildFile; fileRef = DDF27A642269D2CB00057AF9 /* ViewController.swift */; };
		DDF27A682269D2CB00057AF9 /* Main.storyboard in Resources */ = {isa = PBXBuildFile; fileRef = DDF27A662269D2CB00057AF9 /* Main.storyboard */; };
		DDF27A6A2269D2CC00057AF9 /* Assets.xcassets in Resources */ = {isa = PBXBuildFile; fileRef = DDF27A692269D2CC00057AF9 /* Assets.xcassets */; };
		DDF27A6D2269D2CC00057AF9 /* LaunchScreen.storyboard in Resources */ = {isa = PBXBuildFile; fileRef = DDF27A6B2269D2CC00057AF9 /* LaunchScreen.storyboard */; };
		DDF27A782269D2CC00057AF9 /* UIViewAnimationsTests.swift in Sources */ = {isa = PBXBuildFile; fileRef = DDF27A772269D2CC00057AF9 /* UIViewAnimationsTests.swift */; };
		DDF27A9D2269D43D00057AF9 /* heart-3.png in Resources */ = {isa = PBXBuildFile; fileRef = DDF27A852269D43B00057AF9 /* heart-3.png */; };
		DDF27A9E2269D43D00057AF9 /* heart-8.png in Resources */ = {isa = PBXBuildFile; fileRef = DDF27A862269D43B00057AF9 /* heart-8.png */; };
		DDF27A9F2269D43D00057AF9 /* heart-12.png in Resources */ = {isa = PBXBuildFile; fileRef = DDF27A872269D43B00057AF9 /* heart-12.png */; };
		DDF27AA02269D43D00057AF9 /* heart-13.png in Resources */ = {isa = PBXBuildFile; fileRef = DDF27A882269D43B00057AF9 /* heart-13.png */; };
		DDF27AA12269D43D00057AF9 /* heart-6.png in Resources */ = {isa = PBXBuildFile; fileRef = DDF27A892269D43B00057AF9 /* heart-6.png */; };
		DDF27AA22269D43D00057AF9 /* heart-19.png in Resources */ = {isa = PBXBuildFile; fileRef = DDF27A8A2269D43B00057AF9 /* heart-19.png */; };
		DDF27AA32269D43D00057AF9 /* heart-17.png in Resources */ = {isa = PBXBuildFile; fileRef = DDF27A8B2269D43B00057AF9 /* heart-17.png */; };
		DDF27AA42269D43D00057AF9 /* heart-20.png in Resources */ = {isa = PBXBuildFile; fileRef = DDF27A8C2269D43B00057AF9 /* heart-20.png */; };
		DDF27AA52269D43D00057AF9 /* heart-18.png in Resources */ = {isa = PBXBuildFile; fileRef = DDF27A8D2269D43B00057AF9 /* heart-18.png */; };
		DDF27AA62269D43D00057AF9 /* heart-21.png in Resources */ = {isa = PBXBuildFile; fileRef = DDF27A8E2269D43B00057AF9 /* heart-21.png */; };
		DDF27AA72269D43D00057AF9 /* heart-23.png in Resources */ = {isa = PBXBuildFile; fileRef = DDF27A8F2269D43B00057AF9 /* heart-23.png */; };
		DDF27AA82269D43D00057AF9 /* heart-1.png in Resources */ = {isa = PBXBuildFile; fileRef = DDF27A902269D43B00057AF9 /* heart-1.png */; };
		DDF27AA92269D43D00057AF9 /* heart-2.png in Resources */ = {isa = PBXBuildFile; fileRef = DDF27A912269D43C00057AF9 /* heart-2.png */; };
		DDF27AAA2269D43D00057AF9 /* heart-22.png in Resources */ = {isa = PBXBuildFile; fileRef = DDF27A922269D43C00057AF9 /* heart-22.png */; };
		DDF27AAB2269D43D00057AF9 /* heart-14.png in Resources */ = {isa = PBXBuildFile; fileRef = DDF27A932269D43C00057AF9 /* heart-14.png */; };
		DDF27AAC2269D43D00057AF9 /* heart-10.png in Resources */ = {isa = PBXBuildFile; fileRef = DDF27A942269D43C00057AF9 /* heart-10.png */; };
		DDF27AAD2269D43D00057AF9 /* heart-9.png in Resources */ = {isa = PBXBuildFile; fileRef = DDF27A952269D43C00057AF9 /* heart-9.png */; };
		DDF27AAE2269D43D00057AF9 /* heart-4.png in Resources */ = {isa = PBXBuildFile; fileRef = DDF27A962269D43C00057AF9 /* heart-4.png */; };
		DDF27AAF2269D43D00057AF9 /* heart-16.png in Resources */ = {isa = PBXBuildFile; fileRef = DDF27A972269D43C00057AF9 /* heart-16.png */; };
		DDF27AB02269D43D00057AF9 /* heart-7.png in Resources */ = {isa = PBXBuildFile; fileRef = DDF27A982269D43C00057AF9 /* heart-7.png */; };
		DDF27AB12269D43D00057AF9 /* heart-15.png in Resources */ = {isa = PBXBuildFile; fileRef = DDF27A992269D43C00057AF9 /* heart-15.png */; };
		DDF27AB22269D43D00057AF9 /* heart-11.png in Resources */ = {isa = PBXBuildFile; fileRef = DDF27A9A2269D43C00057AF9 /* heart-11.png */; };
		DDF27AB32269D43D00057AF9 /* heart-0.png in Resources */ = {isa = PBXBuildFile; fileRef = DDF27A9B2269D43C00057AF9 /* heart-0.png */; };
		DDF27AB42269D43D00057AF9 /* heart-5.png in Resources */ = {isa = PBXBuildFile; fileRef = DDF27A9C2269D43D00057AF9 /* heart-5.png */; };
		DDF27ABC2269D45F00057AF9 /* ryu-4.png in Resources */ = {isa = PBXBuildFile; fileRef = DDF27AB52269D45E00057AF9 /* ryu-4.png */; };
		DDF27ABD2269D45F00057AF9 /* ryu-2.png in Resources */ = {isa = PBXBuildFile; fileRef = DDF27AB62269D45E00057AF9 /* ryu-2.png */; };
		DDF27ABE2269D45F00057AF9 /* ryu-3.png in Resources */ = {isa = PBXBuildFile; fileRef = DDF27AB72269D45E00057AF9 /* ryu-3.png */; };
		DDF27ABF2269D45F00057AF9 /* ryu-5.png in Resources */ = {isa = PBXBuildFile; fileRef = DDF27AB82269D45E00057AF9 /* ryu-5.png */; };
		DDF27AC02269D45F00057AF9 /* ryu-0.png in Resources */ = {isa = PBXBuildFile; fileRef = DDF27AB92269D45F00057AF9 /* ryu-0.png */; };
		DDF27AC12269D45F00057AF9 /* ryu-6.png in Resources */ = {isa = PBXBuildFile; fileRef = DDF27ABA2269D45F00057AF9 /* ryu-6.png */; };
		DDF27AC22269D45F00057AF9 /* ryu-1.png in Resources */ = {isa = PBXBuildFile; fileRef = DDF27ABB2269D45F00057AF9 /* ryu-1.png */; };
/* End PBXBuildFile section */

/* Begin PBXContainerItemProxy section */
		DDF27A742269D2CC00057AF9 /* PBXContainerItemProxy */ = {
			isa = PBXContainerItemProxy;
			containerPortal = DDF27A572269D2CB00057AF9 /* Project object */;
			proxyType = 1;
			remoteGlobalIDString = DDF27A5E2269D2CB00057AF9;
			remoteInfo = UIViewAnimations;
		};
/* End PBXContainerItemProxy section */

/* Begin PBXFileReference section */
		DDF27A5F2269D2CB00057AF9 /* UIImageViewAnimations.app */ = {isa = PBXFileReference; explicitFileType = wrapper.application; includeInIndex = 0; path = UIImageViewAnimations.app; sourceTree = BUILT_PRODUCTS_DIR; };
		DDF27A622269D2CB00057AF9 /* AppDelegate.swift */ = {isa = PBXFileReference; lastKnownFileType = sourcecode.swift; path = AppDelegate.swift; sourceTree = "<group>"; };
		DDF27A642269D2CB00057AF9 /* ViewController.swift */ = {isa = PBXFileReference; lastKnownFileType = sourcecode.swift; path = ViewController.swift; sourceTree = "<group>"; };
		DDF27A672269D2CB00057AF9 /* Base */ = {isa = PBXFileReference; lastKnownFileType = file.storyboard; name = Base; path = Base.lproj/Main.storyboard; sourceTree = "<group>"; };
		DDF27A692269D2CC00057AF9 /* Assets.xcassets */ = {isa = PBXFileReference; lastKnownFileType = folder.assetcatalog; path = Assets.xcassets; sourceTree = "<group>"; };
		DDF27A6C2269D2CC00057AF9 /* Base */ = {isa = PBXFileReference; lastKnownFileType = file.storyboard; name = Base; path = Base.lproj/LaunchScreen.storyboard; sourceTree = "<group>"; };
		DDF27A6E2269D2CC00057AF9 /* Info.plist */ = {isa = PBXFileReference; lastKnownFileType = text.plist.xml; path = Info.plist; sourceTree = "<group>"; };
		DDF27A732269D2CC00057AF9 /* UIImageViewAnimationsTests.xctest */ = {isa = PBXFileReference; explicitFileType = wrapper.cfbundle; includeInIndex = 0; path = UIImageViewAnimationsTests.xctest; sourceTree = BUILT_PRODUCTS_DIR; };
		DDF27A772269D2CC00057AF9 /* UIViewAnimationsTests.swift */ = {isa = PBXFileReference; lastKnownFileType = sourcecode.swift; path = UIViewAnimationsTests.swift; sourceTree = "<group>"; };
		DDF27A792269D2CD00057AF9 /* Info.plist */ = {isa = PBXFileReference; lastKnownFileType = text.plist.xml; path = Info.plist; sourceTree = "<group>"; };
		DDF27A852269D43B00057AF9 /* heart-3.png */ = {isa = PBXFileReference; lastKnownFileType = image.png; path = "heart-3.png"; sourceTree = "<group>"; };
		DDF27A862269D43B00057AF9 /* heart-8.png */ = {isa = PBXFileReference; lastKnownFileType = image.png; path = "heart-8.png"; sourceTree = "<group>"; };
		DDF27A872269D43B00057AF9 /* heart-12.png */ = {isa = PBXFileReference; lastKnownFileType = image.png; path = "heart-12.png"; sourceTree = "<group>"; };
		DDF27A882269D43B00057AF9 /* heart-13.png */ = {isa = PBXFileReference; lastKnownFileType = image.png; path = "heart-13.png"; sourceTree = "<group>"; };
		DDF27A892269D43B00057AF9 /* heart-6.png */ = {isa = PBXFileReference; lastKnownFileType = image.png; path = "heart-6.png"; sourceTree = "<group>"; };
		DDF27A8A2269D43B00057AF9 /* heart-19.png */ = {isa = PBXFileReference; lastKnownFileType = image.png; path = "heart-19.png"; sourceTree = "<group>"; };
		DDF27A8B2269D43B00057AF9 /* heart-17.png */ = {isa = PBXFileReference; lastKnownFileType = image.png; path = "heart-17.png"; sourceTree = "<group>"; };
		DDF27A8C2269D43B00057AF9 /* heart-20.png */ = {isa = PBXFileReference; lastKnownFileType = image.png; path = "heart-20.png"; sourceTree = "<group>"; };
		DDF27A8D2269D43B00057AF9 /* heart-18.png */ = {isa = PBXFileReference; lastKnownFileType = image.png; path = "heart-18.png"; sourceTree = "<group>"; };
		DDF27A8E2269D43B00057AF9 /* heart-21.png */ = {isa = PBXFileReference; lastKnownFileType = image.png; path = "heart-21.png"; sourceTree = "<group>"; };
		DDF27A8F2269D43B00057AF9 /* heart-23.png */ = {isa = PBXFileReference; lastKnownFileType = image.png; path = "heart-23.png"; sourceTree = "<group>"; };
		DDF27A902269D43B00057AF9 /* heart-1.png */ = {isa = PBXFileReference; lastKnownFileType = image.png; path = "heart-1.png"; sourceTree = "<group>"; };
		DDF27A912269D43C00057AF9 /* heart-2.png */ = {isa = PBXFileReference; lastKnownFileType = image.png; path = "heart-2.png"; sourceTree = "<group>"; };
		DDF27A922269D43C00057AF9 /* heart-22.png */ = {isa = PBXFileReference; lastKnownFileType = image.png; path = "heart-22.png"; sourceTree = "<group>"; };
		DDF27A932269D43C00057AF9 /* heart-14.png */ = {isa = PBXFileReference; lastKnownFileType = image.png; path = "heart-14.png"; sourceTree = "<group>"; };
		DDF27A942269D43C00057AF9 /* heart-10.png */ = {isa = PBXFileReference; lastKnownFileType = image.png; path = "heart-10.png"; sourceTree = "<group>"; };
		DDF27A952269D43C00057AF9 /* heart-9.png */ = {isa = PBXFileReference; lastKnownFileType = image.png; path = "heart-9.png"; sourceTree = "<group>"; };
		DDF27A962269D43C00057AF9 /* heart-4.png */ = {isa = PBXFileReference; lastKnownFileType = image.png; path = "heart-4.png"; sourceTree = "<group>"; };
		DDF27A972269D43C00057AF9 /* heart-16.png */ = {isa = PBXFileReference; lastKnownFileType = image.png; path = "heart-16.png"; sourceTree = "<group>"; };
		DDF27A982269D43C00057AF9 /* heart-7.png */ = {isa = PBXFileReference; lastKnownFileType = image.png; path = "heart-7.png"; sourceTree = "<group>"; };
		DDF27A992269D43C00057AF9 /* heart-15.png */ = {isa = PBXFileReference; lastKnownFileType = image.png; path = "heart-15.png"; sourceTree = "<group>"; };
		DDF27A9A2269D43C00057AF9 /* heart-11.png */ = {isa = PBXFileReference; lastKnownFileType = image.png; path = "heart-11.png"; sourceTree = "<group>"; };
		DDF27A9B2269D43C00057AF9 /* heart-0.png */ = {isa = PBXFileReference; lastKnownFileType = image.png; path = "heart-0.png"; sourceTree = "<group>"; };
		DDF27A9C2269D43D00057AF9 /* heart-5.png */ = {isa = PBXFileReference; lastKnownFileType = image.png; path = "heart-5.png"; sourceTree = "<group>"; };
		DDF27AB52269D45E00057AF9 /* ryu-4.png */ = {isa = PBXFileReference; lastKnownFileType = image.png; path = "ryu-4.png"; sourceTree = "<group>"; };
		DDF27AB62269D45E00057AF9 /* ryu-2.png */ = {isa = PBXFileReference; lastKnownFileType = image.png; path = "ryu-2.png"; sourceTree = "<group>"; };
		DDF27AB72269D45E00057AF9 /* ryu-3.png */ = {isa = PBXFileReference; lastKnownFileType = image.png; path = "ryu-3.png"; sourceTree = "<group>"; };
		DDF27AB82269D45E00057AF9 /* ryu-5.png */ = {isa = PBXFileReference; lastKnownFileType = image.png; path = "ryu-5.png"; sourceTree = "<group>"; };
		DDF27AB92269D45F00057AF9 /* ryu-0.png */ = {isa = PBXFileReference; lastKnownFileType = image.png; path = "ryu-0.png"; sourceTree = "<group>"; };
		DDF27ABA2269D45F00057AF9 /* ryu-6.png */ = {isa = PBXFileReference; lastKnownFileType = image.png; path = "ryu-6.png"; sourceTree = "<group>"; };
		DDF27ABB2269D45F00057AF9 /* ryu-1.png */ = {isa = PBXFileReference; lastKnownFileType = image.png; path = "ryu-1.png"; sourceTree = "<group>"; };
/* End PBXFileReference section */

/* Begin PBXFrameworksBuildPhase section */
		DDF27A5C2269D2CB00057AF9 /* Frameworks */ = {
			isa = PBXFrameworksBuildPhase;
			buildActionMask = 2147483647;
			files = (
			);
			runOnlyForDeploymentPostprocessing = 0;
		};
		DDF27A702269D2CC00057AF9 /* Frameworks */ = {
			isa = PBXFrameworksBuildPhase;
			buildActionMask = 2147483647;
			files = (
			);
			runOnlyForDeploymentPostprocessing = 0;
		};
/* End PBXFrameworksBuildPhase section */

/* Begin PBXGroup section */
		DDF27A562269D2CB00057AF9 = {
			isa = PBXGroup;
			children = (
				DDF27A822269D3C600057AF9 /* Sprites */,
				DDF27A612269D2CB00057AF9 /* UIViewAnimations */,
				DDF27A762269D2CC00057AF9 /* UIViewAnimationsTests */,
				DDF27A602269D2CB00057AF9 /* Products */,
			);
			sourceTree = "<group>";
		};
		DDF27A602269D2CB00057AF9 /* Products */ = {
			isa = PBXGroup;
			children = (
				DDF27A5F2269D2CB00057AF9 /* UIImageViewAnimations.app */,
				DDF27A732269D2CC00057AF9 /* UIImageViewAnimationsTests.xctest */,
			);
			name = Products;
			sourceTree = "<group>";
		};
		DDF27A612269D2CB00057AF9 /* UIViewAnimations */ = {
			isa = PBXGroup;
			children = (
				DDF27A622269D2CB00057AF9 /* AppDelegate.swift */,
				DDF27A642269D2CB00057AF9 /* ViewController.swift */,
				DDF27A662269D2CB00057AF9 /* Main.storyboard */,
				DDF27A692269D2CC00057AF9 /* Assets.xcassets */,
				DDF27A6B2269D2CC00057AF9 /* LaunchScreen.storyboard */,
				DDF27A6E2269D2CC00057AF9 /* Info.plist */,
			);
			path = UIViewAnimations;
			sourceTree = "<group>";
		};
		DDF27A762269D2CC00057AF9 /* UIViewAnimationsTests */ = {
			isa = PBXGroup;
			children = (
				DDF27A772269D2CC00057AF9 /* UIViewAnimationsTests.swift */,
				DDF27A792269D2CD00057AF9 /* Info.plist */,
			);
			path = UIViewAnimationsTests;
			sourceTree = "<group>";
		};
		DDF27A822269D3C600057AF9 /* Sprites */ = {
			isa = PBXGroup;
			children = (
				DDF27A842269D3F000057AF9 /* Ryu */,
				DDF27A832269D3E600057AF9 /* Heart */,
			);
			path = Sprites;
			sourceTree = "<group>";
		};
		DDF27A832269D3E600057AF9 /* Heart */ = {
			isa = PBXGroup;
			children = (
				DDF27A9B2269D43C00057AF9 /* heart-0.png */,
				DDF27A902269D43B00057AF9 /* heart-1.png */,
				DDF27A912269D43C00057AF9 /* heart-2.png */,
				DDF27A852269D43B00057AF9 /* heart-3.png */,
				DDF27A962269D43C00057AF9 /* heart-4.png */,
				DDF27A9C2269D43D00057AF9 /* heart-5.png */,
				DDF27A892269D43B00057AF9 /* heart-6.png */,
				DDF27A982269D43C00057AF9 /* heart-7.png */,
				DDF27A862269D43B00057AF9 /* heart-8.png */,
				DDF27A952269D43C00057AF9 /* heart-9.png */,
				DDF27A942269D43C00057AF9 /* heart-10.png */,
				DDF27A9A2269D43C00057AF9 /* heart-11.png */,
				DDF27A872269D43B00057AF9 /* heart-12.png */,
				DDF27A882269D43B00057AF9 /* heart-13.png */,
				DDF27A932269D43C00057AF9 /* heart-14.png */,
				DDF27A992269D43C00057AF9 /* heart-15.png */,
				DDF27A972269D43C00057AF9 /* heart-16.png */,
				DDF27A8B2269D43B00057AF9 /* heart-17.png */,
				DDF27A8D2269D43B00057AF9 /* heart-18.png */,
				DDF27A8A2269D43B00057AF9 /* heart-19.png */,
				DDF27A8C2269D43B00057AF9 /* heart-20.png */,
				DDF27A8E2269D43B00057AF9 /* heart-21.png */,
				DDF27A922269D43C00057AF9 /* heart-22.png */,
				DDF27A8F2269D43B00057AF9 /* heart-23.png */,
			);
			path = Heart;
			sourceTree = "<group>";
		};
		DDF27A842269D3F000057AF9 /* Ryu */ = {
			isa = PBXGroup;
			children = (
				DDF27AB92269D45F00057AF9 /* ryu-0.png */,
				DDF27ABB2269D45F00057AF9 /* ryu-1.png */,
				DDF27AB62269D45E00057AF9 /* ryu-2.png */,
				DDF27AB72269D45E00057AF9 /* ryu-3.png */,
				DDF27AB52269D45E00057AF9 /* ryu-4.png */,
				DDF27AB82269D45E00057AF9 /* ryu-5.png */,
				DDF27ABA2269D45F00057AF9 /* ryu-6.png */,
			);
			path = Ryu;
			sourceTree = "<group>";
		};
/* End PBXGroup section */

/* Begin PBXNativeTarget section */
		DDF27A5E2269D2CB00057AF9 /* UIImageViewAnimations */ = {
			isa = PBXNativeTarget;
			buildConfigurationList = DDF27A7C2269D2CD00057AF9 /* Build configuration list for PBXNativeTarget "UIImageViewAnimations" */;
			buildPhases = (
				DDF27A5B2269D2CB00057AF9 /* Sources */,
				DDF27A5C2269D2CB00057AF9 /* Frameworks */,
				DDF27A5D2269D2CB00057AF9 /* Resources */,
			);
			buildRules = (
			);
			dependencies = (
			);
			name = UIImageViewAnimations;
			productName = UIViewAnimations;
			productReference = DDF27A5F2269D2CB00057AF9 /* UIImageViewAnimations.app */;
			productType = "com.apple.product-type.application";
		};
		DDF27A722269D2CC00057AF9 /* UIImageViewAnimationsTests */ = {
			isa = PBXNativeTarget;
			buildConfigurationList = DDF27A7F2269D2CD00057AF9 /* Build configuration list for PBXNativeTarget "UIImageViewAnimationsTests" */;
			buildPhases = (
				DDF27A6F2269D2CC00057AF9 /* Sources */,
				DDF27A702269D2CC00057AF9 /* Frameworks */,
				DDF27A712269D2CC00057AF9 /* Resources */,
			);
			buildRules = (
			);
			dependencies = (
				DDF27A752269D2CC00057AF9 /* PBXTargetDependency */,
			);
			name = UIImageViewAnimationsTests;
			productName = UIViewAnimationsTests;
			productReference = DDF27A732269D2CC00057AF9 /* UIImageViewAnimationsTests.xctest */;
			productType = "com.apple.product-type.bundle.unit-test";
		};
/* End PBXNativeTarget section */

/* Begin PBXProject section */
		DDF27A572269D2CB00057AF9 /* Project object */ = {
			isa = PBXProject;
			attributes = {
				LastSwiftUpdateCheck = 1010;
				LastUpgradeCheck = 1010;
				ORGANIZATIONNAME = "Rozeri Dilar";
				TargetAttributes = {
					DDF27A5E2269D2CB00057AF9 = {
						CreatedOnToolsVersion = 10.1;
					};
					DDF27A722269D2CC00057AF9 = {
						CreatedOnToolsVersion = 10.1;
						TestTargetID = DDF27A5E2269D2CB00057AF9;
					};
				};
			};
			buildConfigurationList = DDF27A5A2269D2CB00057AF9 /* Build configuration list for PBXProject "UIImageViewAnimations" */;
			compatibilityVersion = "Xcode 9.3";
			developmentRegion = en;
			hasScannedForEncodings = 0;
			knownRegions = (
				en,
				Base,
			);
			mainGroup = DDF27A562269D2CB00057AF9;
			productRefGroup = DDF27A602269D2CB00057AF9 /* Products */;
			projectDirPath = "";
			projectRoot = "";
			targets = (
				DDF27A5E2269D2CB00057AF9 /* UIImageViewAnimations */,
				DDF27A722269D2CC00057AF9 /* UIImageViewAnimationsTests */,
			);
		};
/* End PBXProject section */

/* Begin PBXResourcesBuildPhase section */
		DDF27A5D2269D2CB00057AF9 /* Resources */ = {
			isa = PBXResourcesBuildPhase;
			buildActionMask = 2147483647;
			files = (
				DDF27ABE2269D45F00057AF9 /* ryu-3.png in Resources */,
				DDF27A9E2269D43D00057AF9 /* heart-8.png in Resources */,
				DDF27AB32269D43D00057AF9 /* heart-0.png in Resources */,
				DDF27AA92269D43D00057AF9 /* heart-2.png in Resources */,
				DDF27AB22269D43D00057AF9 /* heart-11.png in Resources */,
				DDF27AA42269D43D00057AF9 /* heart-20.png in Resources */,
				DDF27AC22269D45F00057AF9 /* ryu-1.png in Resources */,
				DDF27AAE2269D43D00057AF9 /* heart-4.png in Resources */,
				DDF27AB42269D43D00057AF9 /* heart-5.png in Resources */,
				DDF27A6D2269D2CC00057AF9 /* LaunchScreen.storyboard in Resources */,
				DDF27AC12269D45F00057AF9 /* ryu-6.png in Resources */,
				DDF27AAD2269D43D00057AF9 /* heart-9.png in Resources */,
				DDF27AB12269D43D00057AF9 /* heart-15.png in Resources */,
				DDF27ABF2269D45F00057AF9 /* ryu-5.png in Resources */,
				DDF27AA72269D43D00057AF9 /* heart-23.png in Resources */,
				DDF27AAA2269D43D00057AF9 /* heart-22.png in Resources */,
				DDF27AA32269D43D00057AF9 /* heart-17.png in Resources */,
				DDF27AA02269D43D00057AF9 /* heart-13.png in Resources */,
				DDF27A6A2269D2CC00057AF9 /* Assets.xcassets in Resources */,
				DDF27A9F2269D43D00057AF9 /* heart-12.png in Resources */,
				DDF27AA12269D43D00057AF9 /* heart-6.png in Resources */,
				DDF27AAF2269D43D00057AF9 /* heart-16.png in Resources */,
				DDF27ABD2269D45F00057AF9 /* ryu-2.png in Resources */,
				DDF27AA22269D43D00057AF9 /* heart-19.png in Resources */,
				DDF27AA52269D43D00057AF9 /* heart-18.png in Resources */,
				DDF27AB02269D43D00057AF9 /* heart-7.png in Resources */,
				DDF27ABC2269D45F00057AF9 /* ryu-4.png in Resources */,
				DDF27AC02269D45F00057AF9 /* ryu-0.png in Resources */,
				DDF27AA62269D43D00057AF9 /* heart-21.png in Resources */,
				DDF27AA82269D43D00057AF9 /* heart-1.png in Resources */,
				DDF27AAB2269D43D00057AF9 /* heart-14.png in Resources */,
				DDF27A9D2269D43D00057AF9 /* heart-3.png in Resources */,
				DDF27A682269D2CB00057AF9 /* Main.storyboard in Resources */,
				DDF27AAC2269D43D00057AF9 /* heart-10.png in Resources */,
			);
			runOnlyForDeploymentPostprocessing = 0;
		};
		DDF27A712269D2CC00057AF9 /* Resources */ = {
			isa = PBXResourcesBuildPhase;
			buildActionMask = 2147483647;
			files = (
			);
			runOnlyForDeploymentPostprocessing = 0;
		};
/* End PBXResourcesBuildPhase section */

/* Begin PBXSourcesBuildPhase section */
		DDF27A5B2269D2CB00057AF9 /* Sources */ = {
			isa = PBXSourcesBuildPhase;
			buildActionMask = 2147483647;
			files = (
				DDF27A652269D2CB00057AF9 /* ViewController.swift in Sources */,
				DDF27A632269D2CB00057AF9 /* AppDelegate.swift in Sources */,
			);
			runOnlyForDeploymentPostprocessing = 0;
		};
		DDF27A6F2269D2CC00057AF9 /* Sources */ = {
			isa = PBXSourcesBuildPhase;
			buildActionMask = 2147483647;
			files = (
				DDF27A782269D2CC00057AF9 /* UIViewAnimationsTests.swift in Sources */,
			);
			runOnlyForDeploymentPostprocessing = 0;
		};
/* End PBXSourcesBuildPhase section */

/* Begin PBXTargetDependency section */
		DDF27A752269D2CC00057AF9 /* PBXTargetDependency */ = {
			isa = PBXTargetDependency;
			target = DDF27A5E2269D2CB00057AF9 /* UIImageViewAnimations */;
			targetProxy = DDF27A742269D2CC00057AF9 /* PBXContainerItemProxy */;
		};
/* End PBXTargetDependency section */

/* Begin PBXVariantGroup section */
		DDF27A662269D2CB00057AF9 /* Main.storyboard */ = {
			isa = PBXVariantGroup;
			children = (
				DDF27A672269D2CB00057AF9 /* Base */,
			);
			name = Main.storyboard;
			sourceTree = "<group>";
		};
		DDF27A6B2269D2CC00057AF9 /* LaunchScreen.storyboard */ = {
			isa = PBXVariantGroup;
			children = (
				DDF27A6C2269D2CC00057AF9 /* Base */,
			);
			name = LaunchScreen.storyboard;
			sourceTree = "<group>";
		};
/* End PBXVariantGroup section */

/* Begin XCBuildConfiguration section */
		DDF27A7A2269D2CD00057AF9 /* Debug */ = {
			isa = XCBuildConfiguration;
			buildSettings = {
				ALWAYS_SEARCH_USER_PATHS = NO;
				CLANG_ANALYZER_NONNULL = YES;
				CLANG_ANALYZER_NUMBER_OBJECT_CONVERSION = YES_AGGRESSIVE;
				CLANG_CXX_LANGUAGE_STANDARD = "gnu++14";
				CLANG_CXX_LIBRARY = "libc++";
				CLANG_ENABLE_MODULES = YES;
				CLANG_ENABLE_OBJC_ARC = YES;
				CLANG_ENABLE_OBJC_WEAK = YES;
				CLANG_WARN_BLOCK_CAPTURE_AUTORELEASING = YES;
				CLANG_WARN_BOOL_CONVERSION = YES;
				CLANG_WARN_COMMA = YES;
				CLANG_WARN_CONSTANT_CONVERSION = YES;
				CLANG_WARN_DEPRECATED_OBJC_IMPLEMENTATIONS = YES;
				CLANG_WARN_DIRECT_OBJC_ISA_USAGE = YES_ERROR;
				CLANG_WARN_DOCUMENTATION_COMMENTS = YES;
				CLANG_WARN_EMPTY_BODY = YES;
				CLANG_WARN_ENUM_CONVERSION = YES;
				CLANG_WARN_INFINITE_RECURSION = YES;
				CLANG_WARN_INT_CONVERSION = YES;
				CLANG_WARN_NON_LITERAL_NULL_CONVERSION = YES;
				CLANG_WARN_OBJC_IMPLICIT_RETAIN_SELF = YES;
				CLANG_WARN_OBJC_LITERAL_CONVERSION = YES;
				CLANG_WARN_OBJC_ROOT_CLASS = YES_ERROR;
				CLANG_WARN_RANGE_LOOP_ANALYSIS = YES;
				CLANG_WARN_STRICT_PROTOTYPES = YES;
				CLANG_WARN_SUSPICIOUS_MOVE = YES;
				CLANG_WARN_UNGUARDED_AVAILABILITY = YES_AGGRESSIVE;
				CLANG_WARN_UNREACHABLE_CODE = YES;
				CLANG_WARN__DUPLICATE_METHOD_MATCH = YES;
				CODE_SIGN_IDENTITY = "iPhone Developer";
				COPY_PHASE_STRIP = NO;
				DEBUG_INFORMATION_FORMAT = dwarf;
				ENABLE_STRICT_OBJC_MSGSEND = YES;
				ENABLE_TESTABILITY = YES;
				GCC_C_LANGUAGE_STANDARD = gnu11;
				GCC_DYNAMIC_NO_PIC = NO;
				GCC_NO_COMMON_BLOCKS = YES;
				GCC_OPTIMIZATION_LEVEL = 0;
				GCC_PREPROCESSOR_DEFINITIONS = (
					"DEBUG=1",
					"$(inherited)",
				);
				GCC_WARN_64_TO_32_BIT_CONVERSION = YES;
				GCC_WARN_ABOUT_RETURN_TYPE = YES_ERROR;
				GCC_WARN_UNDECLARED_SELECTOR = YES;
				GCC_WARN_UNINITIALIZED_AUTOS = YES_AGGRESSIVE;
				GCC_WARN_UNUSED_FUNCTION = YES;
				GCC_WARN_UNUSED_VARIABLE = YES;
				IPHONEOS_DEPLOYMENT_TARGET = 12.1;
				MTL_ENABLE_DEBUG_INFO = INCLUDE_SOURCE;
				MTL_FAST_MATH = YES;
				ONLY_ACTIVE_ARCH = YES;
				SDKROOT = iphoneos;
				SWIFT_ACTIVE_COMPILATION_CONDITIONS = DEBUG;
				SWIFT_OPTIMIZATION_LEVEL = "-Onone";
			};
			name = Debug;
		};
		DDF27A7B2269D2CD00057AF9 /* Release */ = {
			isa = XCBuildConfiguration;
			buildSettings = {
				ALWAYS_SEARCH_USER_PATHS = NO;
				CLANG_ANALYZER_NONNULL = YES;
				CLANG_ANALYZER_NUMBER_OBJECT_CONVERSION = YES_AGGRESSIVE;
				CLANG_CXX_LANGUAGE_STANDARD = "gnu++14";
				CLANG_CXX_LIBRARY = "libc++";
				CLANG_ENABLE_MODULES = YES;
				CLANG_ENABLE_OBJC_ARC = YES;
				CLANG_ENABLE_OBJC_WEAK = YES;
				CLANG_WARN_BLOCK_CAPTURE_AUTORELEASING = YES;
				CLANG_WARN_BOOL_CONVERSION = YES;
				CLANG_WARN_COMMA = YES;
				CLANG_WARN_CONSTANT_CONVERSION = YES;
				CLANG_WARN_DEPRECATED_OBJC_IMPLEMENTATIONS = YES;
				CLANG_WARN_DIRECT_OBJC_ISA_USAGE = YES_ERROR;
				CLANG_WARN_DOCUMENTATION_COMMENTS = YES;
				CLANG_WARN_EMPTY_BODY = YES;
				CLANG_WARN_ENUM_CONVERSION = YES;
				CLANG_WARN_INFINITE_RECURSION = YES;
				CLANG_WARN_INT_CONVERSION = YES;
				CLANG_WARN_NON_LITERAL_NULL_CONVERSION = YES;
				CLANG_WARN_OBJC_IMPLICIT_RETAIN_SELF = YES;
				CLANG_WARN_OBJC_LITERAL_CONVERSION = YES;
				CLANG_WARN_OBJC_ROOT_CLASS = YES_ERROR;
				CLANG_WARN_RANGE_LOOP_ANALYSIS = YES;
				CLANG_WARN_STRICT_PROTOTYPES = YES;
				CLANG_WARN_SUSPICIOUS_MOVE = YES;
				CLANG_WARN_UNGUARDED_AVAILABILITY = YES_AGGRESSIVE;
				CLANG_WARN_UNREACHABLE_CODE = YES;
				CLANG_WARN__DUPLICATE_METHOD_MATCH = YES;
				CODE_SIGN_IDENTITY = "iPhone Developer";
				COPY_PHASE_STRIP = NO;
				DEBUG_INFORMATION_FORMAT = "dwarf-with-dsym";
				ENABLE_NS_ASSERTIONS = NO;
				ENABLE_STRICT_OBJC_MSGSEND = YES;
				GCC_C_LANGUAGE_STANDARD = gnu11;
				GCC_NO_COMMON_BLOCKS = YES;
				GCC_WARN_64_TO_32_BIT_CONVERSION = YES;
				GCC_WARN_ABOUT_RETURN_TYPE = YES_ERROR;
				GCC_WARN_UNDECLARED_SELECTOR = YES;
				GCC_WARN_UNINITIALIZED_AUTOS = YES_AGGRESSIVE;
				GCC_WARN_UNUSED_FUNCTION = YES;
				GCC_WARN_UNUSED_VARIABLE = YES;
				IPHONEOS_DEPLOYMENT_TARGET = 12.1;
				MTL_ENABLE_DEBUG_INFO = NO;
				MTL_FAST_MATH = YES;
				SDKROOT = iphoneos;
				SWIFT_COMPILATION_MODE = wholemodule;
				SWIFT_OPTIMIZATION_LEVEL = "-O";
				VALIDATE_PRODUCT = YES;
			};
			name = Release;
		};
		DDF27A7D2269D2CD00057AF9 /* Debug */ = {
			isa = XCBuildConfiguration;
			buildSettings = {
				ASSETCATALOG_COMPILER_APPICON_NAME = AppIcon;
				CODE_SIGN_STYLE = Automatic;
				DEVELOPMENT_TEAM = 78H8YX44B3;
				INFOPLIST_FILE = UIViewAnimations/Info.plist;
				LD_RUNPATH_SEARCH_PATHS = (
					"$(inherited)",
					"@executable_path/Frameworks",
				);
				PRODUCT_BUNDLE_IDENTIFIER = com.rozeridilar.UIViewAnimations;
				PRODUCT_NAME = "$(TARGET_NAME)";
				SWIFT_VERSION = 4.2;
				TARGETED_DEVICE_FAMILY = "1,2";
			};
			name = Debug;
		};
		DDF27A7E2269D2CD00057AF9 /* Release */ = {
			isa = XCBuildConfiguration;
			buildSettings = {
				ASSETCATALOG_COMPILER_APPICON_NAME = AppIcon;
				CODE_SIGN_STYLE = Automatic;
				DEVELOPMENT_TEAM = 78H8YX44B3;
				INFOPLIST_FILE = UIViewAnimations/Info.plist;
				LD_RUNPATH_SEARCH_PATHS = (
					"$(inherited)",
					"@executable_path/Frameworks",
				);
				PRODUCT_BUNDLE_IDENTIFIER = com.rozeridilar.UIViewAnimations;
				PRODUCT_NAME = "$(TARGET_NAME)";
				SWIFT_VERSION = 4.2;
				TARGETED_DEVICE_FAMILY = "1,2";
			};
			name = Release;
		};
		DDF27A802269D2CD00057AF9 /* Debug */ = {
			isa = XCBuildConfiguration;
			buildSettings = {
				ALWAYS_EMBED_SWIFT_STANDARD_LIBRARIES = YES;
				BUNDLE_LOADER = "$(TEST_HOST)";
				CODE_SIGN_STYLE = Automatic;
				DEVELOPMENT_TEAM = 78H8YX44B3;
				INFOPLIST_FILE = UIViewAnimationsTests/Info.plist;
				LD_RUNPATH_SEARCH_PATHS = (
					"$(inherited)",
					"@executable_path/Frameworks",
					"@loader_path/Frameworks",
				);
				PRODUCT_BUNDLE_IDENTIFIER = com.rozeridilar.UIViewAnimationsTests;
				PRODUCT_NAME = "$(TARGET_NAME)";
				SWIFT_VERSION = 4.2;
				TARGETED_DEVICE_FAMILY = "1,2";
				TEST_HOST = "$(BUILT_PRODUCTS_DIR)/UIImageViewAnimations.app/UIImageViewAnimations";
			};
			name = Debug;
		};
		DDF27A812269D2CD00057AF9 /* Release */ = {
			isa = XCBuildConfiguration;
			buildSettings = {
				ALWAYS_EMBED_SWIFT_STANDARD_LIBRARIES = YES;
				BUNDLE_LOADER = "$(TEST_HOST)";
				CODE_SIGN_STYLE = Automatic;
				DEVELOPMENT_TEAM = 78H8YX44B3;
				INFOPLIST_FILE = UIViewAnimationsTests/Info.plist;
				LD_RUNPATH_SEARCH_PATHS = (
					"$(inherited)",
					"@executable_path/Frameworks",
					"@loader_path/Frameworks",
				);
				PRODUCT_BUNDLE_IDENTIFIER = com.rozeridilar.UIViewAnimationsTests;
				PRODUCT_NAME = "$(TARGET_NAME)";
				SWIFT_VERSION = 4.2;
				TARGETED_DEVICE_FAMILY = "1,2";
				TEST_HOST = "$(BUILT_PRODUCTS_DIR)/UIImageViewAnimations.app/UIImageViewAnimations";
			};
			name = Release;
		};
/* End XCBuildConfiguration section */

/* Begin XCConfigurationList section */
		DDF27A5A2269D2CB00057AF9 /* Build configuration list for PBXProject "UIImageViewAnimations" */ = {
			isa = XCConfigurationList;
			buildConfigurations = (
				DDF27A7A2269D2CD00057AF9 /* Debug */,
				DDF27A7B2269D2CD00057AF9 /* Release */,
			);
			defaultConfigurationIsVisible = 0;
			defaultConfigurationName = Release;
		};
		DDF27A7C2269D2CD00057AF9 /* Build configuration list for PBXNativeTarget "UIImageViewAnimations" */ = {
			isa = XCConfigurationList;
			buildConfigurations = (
				DDF27A7D2269D2CD00057AF9 /* Debug */,
				DDF27A7E2269D2CD00057AF9 /* Release */,
			);
			defaultConfigurationIsVisible = 0;
			defaultConfigurationName = Release;
		};
		DDF27A7F2269D2CD00057AF9 /* Build configuration list for PBXNativeTarget "UIImageViewAnimationsTests" */ = {
			isa = XCConfigurationList;
			buildConfigurations = (
				DDF27A802269D2CD00057AF9 /* Debug */,
				DDF27A812269D2CD00057AF9 /* Release */,
			);
			defaultConfigurationIsVisible = 0;
			defaultConfigurationName = Release;
		};
/* End XCConfigurationList section */
	};
	rootObject = DDF27A572269D2CB00057AF9 /* Project object */;
}
