// !$*UTF8*$!
{
	archiveVersion = 1;
	classes = {
	};
	objectVersion = 50;
	objects = {

/* Begin PBXBuildFile section */
		DDF27AD32269DC2C00057AF9 /* AppDelegate.swift in Sources */ = {isa = PBXBuildFile; fileRef = DDF27AD22269DC2C00057AF9 /* AppDelegate.swift */; };
		DDF27AD52269DC2C00057AF9 /* ViewController.swift in Sources */ = {isa = PBXBuildFile; fileRef = DDF27AD42269DC2C00057AF9 /* ViewController.swift */; };
		DDF27AD82269DC2C00057AF9 /* Main.storyboard in Resources */ = {isa = PBXBuildFile; fileRef = DDF27AD62269DC2C00057AF9 /* Main.storyboard */; };
		DDF27ADA2269DC2D00057AF9 /* Assets.xcassets in Resources */ = {isa = PBXBuildFile; fileRef = DDF27AD92269DC2D00057AF9 /* Assets.xcassets */; };
		DDF27ADD2269DC2D00057AF9 /* LaunchScreen.storyboard in Resources */ = {isa = PBXBuildFile; fileRef = DDF27ADB2269DC2D00057AF9 /* LaunchScreen.storyboard */; };
		DDF27AE82269DC2D00057AF9 /* UIButtonAnimationsTests.swift in Sources */ = {isa = PBXBuildFile; fileRef = DDF27AE72269DC2D00057AF9 /* UIButtonAnimationsTests.swift */; };
		DDF27AF32269DCAE00057AF9 /* RoundedButton.swift in Sources */ = {isa = PBXBuildFile; fileRef = DDF27AF22269DCAE00057AF9 /* RoundedButton.swift */; };
/* End PBXBuildFile section */

/* Begin PBXContainerItemProxy section */
		DDF27AE42269DC2D00057AF9 /* PBXContainerItemProxy */ = {
			isa = PBXContainerItemProxy;
			containerPortal = DDF27AC72269DC2C00057AF9 /* Project object */;
			proxyType = 1;
			remoteGlobalIDString = DDF27ACE2269DC2C00057AF9;
			remoteInfo = UIButtonAnimations;
		};
/* End PBXContainerItemProxy section */

/* Begin PBXFileReference section */
		DDF27ACF2269DC2C00057AF9 /* UIButtonAnimations.app */ = {isa = PBXFileReference; explicitFileType = wrapper.application; includeInIndex = 0; path = UIButtonAnimations.app; sourceTree = BUILT_PRODUCTS_DIR; };
		DDF27AD22269DC2C00057AF9 /* AppDelegate.swift */ = {isa = PBXFileReference; lastKnownFileType = sourcecode.swift; path = AppDelegate.swift; sourceTree = "<group>"; };
		DDF27AD42269DC2C00057AF9 /* ViewController.swift */ = {isa = PBXFileReference; lastKnownFileType = sourcecode.swift; path = ViewController.swift; sourceTree = "<group>"; };
		DDF27AD72269DC2C00057AF9 /* Base */ = {isa = PBXFileReference; lastKnownFileType = file.storyboard; name = Base; path = Base.lproj/Main.storyboard; sourceTree = "<group>"; };
		DDF27AD92269DC2D00057AF9 /* Assets.xcassets */ = {isa = PBXFileReference; lastKnownFileType = folder.assetcatalog; path = Assets.xcassets; sourceTree = "<group>"; };
		DDF27ADC2269DC2D00057AF9 /* Base */ = {isa = PBXFileReference; lastKnownFileType = file.storyboard; name = Base; path = Base.lproj/LaunchScreen.storyboard; sourceTree = "<group>"; };
		DDF27ADE2269DC2D00057AF9 /* Info.plist */ = {isa = PBXFileReference; lastKnownFileType = text.plist.xml; path = Info.plist; sourceTree = "<group>"; };
		DDF27AE32269DC2D00057AF9 /* UIButtonAnimationsTests.xctest */ = {isa = PBXFileReference; explicitFileType = wrapper.cfbundle; includeInIndex = 0; path = UIButtonAnimationsTests.xctest; sourceTree = BUILT_PRODUCTS_DIR; };
		DDF27AE72269DC2D00057AF9 /* UIButtonAnimationsTests.swift */ = {isa = PBXFileReference; lastKnownFileType = sourcecode.swift; path = UIButtonAnimationsTests.swift; sourceTree = "<group>"; };
		DDF27AE92269DC2D00057AF9 /* Info.plist */ = {isa = PBXFileReference; lastKnownFileType = text.plist.xml; path = Info.plist; sourceTree = "<group>"; };
		DDF27AF22269DCAE00057AF9 /* RoundedButton.swift */ = {isa = PBXFileReference; lastKnownFileType = sourcecode.swift; path = RoundedButton.swift; sourceTree = "<group>"; };
/* End PBXFileReference section */

/* Begin PBXFrameworksBuildPhase section */
		DDF27ACC2269DC2C00057AF9 /* Frameworks */ = {
			isa = PBXFrameworksBuildPhase;
			buildActionMask = 2147483647;
			files = (
			);
			runOnlyForDeploymentPostprocessing = 0;
		};
		DDF27AE02269DC2D00057AF9 /* Frameworks */ = {
			isa = PBXFrameworksBuildPhase;
			buildActionMask = 2147483647;
			files = (
			);
			runOnlyForDeploymentPostprocessing = 0;
		};
/* End PBXFrameworksBuildPhase section */

/* Begin PBXGroup section */
		DDF27AC62269DC2C00057AF9 = {
			isa = PBXGroup;
			children = (
				DDF27AD12269DC2C00057AF9 /* UIButtonAnimations */,
				DDF27AE62269DC2D00057AF9 /* UIButtonAnimationsTests */,
				DDF27AD02269DC2C00057AF9 /* Products */,
			);
			sourceTree = "<group>";
		};
		DDF27AD02269DC2C00057AF9 /* Products */ = {
			isa = PBXGroup;
			children = (
				DDF27ACF2269DC2C00057AF9 /* UIButtonAnimations.app */,
				DDF27AE32269DC2D00057AF9 /* UIButtonAnimationsTests.xctest */,
			);
			name = Products;
			sourceTree = "<group>";
		};
		DDF27AD12269DC2C00057AF9 /* UIButtonAnimations */ = {
			isa = PBXGroup;
			children = (
				DDF27AD22269DC2C00057AF9 /* AppDelegate.swift */,
				DDF27AD42269DC2C00057AF9 /* ViewController.swift */,
				DDF27AD62269DC2C00057AF9 /* Main.storyboard */,
				DDF27AD92269DC2D00057AF9 /* Assets.xcassets */,
				DDF27ADB2269DC2D00057AF9 /* LaunchScreen.storyboard */,
				DDF27ADE2269DC2D00057AF9 /* Info.plist */,
				DDF27AF22269DCAE00057AF9 /* RoundedButton.swift */,
			);
			path = UIButtonAnimations;
			sourceTree = "<group>";
		};
		DDF27AE62269DC2D00057AF9 /* UIButtonAnimationsTests */ = {
			isa = PBXGroup;
			children = (
				DDF27AE72269DC2D00057AF9 /* UIButtonAnimationsTests.swift */,
				DDF27AE92269DC2D00057AF9 /* Info.plist */,
			);
			path = UIButtonAnimationsTests;
			sourceTree = "<group>";
		};
/* End PBXGroup section */

/* Begin PBXNativeTarget section */
		DDF27ACE2269DC2C00057AF9 /* UIButtonAnimations */ = {
			isa = PBXNativeTarget;
			buildConfigurationList = DDF27AEC2269DC2D00057AF9 /* Build configuration list for PBXNativeTarget "UIButtonAnimations" */;
			buildPhases = (
				DDF27ACB2269DC2C00057AF9 /* Sources */,
				DDF27ACC2269DC2C00057AF9 /* Frameworks */,
				DDF27ACD2269DC2C00057AF9 /* Resources */,
			);
			buildRules = (
			);
			dependencies = (
			);
			name = UIButtonAnimations;
			productName = UIButtonAnimations;
			productReference = DDF27ACF2269DC2C00057AF9 /* UIButtonAnimations.app */;
			productType = "com.apple.product-type.application";
		};
		DDF27AE22269DC2D00057AF9 /* UIButtonAnimationsTests */ = {
			isa = PBXNativeTarget;
			buildConfigurationList = DDF27AEF2269DC2D00057AF9 /* Build configuration list for PBXNativeTarget "UIButtonAnimationsTests" */;
			buildPhases = (
				DDF27ADF2269DC2D00057AF9 /* Sources */,
				DDF27AE02269DC2D00057AF9 /* Frameworks */,
				DDF27AE12269DC2D00057AF9 /* Resources */,
			);
			buildRules = (
			);
			dependencies = (
				DDF27AE52269DC2D00057AF9 /* PBXTargetDependency */,
			);
			name = UIButtonAnimationsTests;
			productName = UIButtonAnimationsTests;
			productReference = DDF27AE32269DC2D00057AF9 /* UIButtonAnimationsTests.xctest */;
			productType = "com.apple.product-type.bundle.unit-test";
		};
/* End PBXNativeTarget section */

/* Begin PBXProject section */
		DDF27AC72269DC2C00057AF9 /* Project object */ = {
			isa = PBXProject;
			attributes = {
				LastSwiftUpdateCheck = 1010;
				LastUpgradeCheck = 1010;
				ORGANIZATIONNAME = "Rozeri Dilar";
				TargetAttributes = {
					DDF27ACE2269DC2C00057AF9 = {
						CreatedOnToolsVersion = 10.1;
					};
					DDF27AE22269DC2D00057AF9 = {
						CreatedOnToolsVersion = 10.1;
						TestTargetID = DDF27ACE2269DC2C00057AF9;
					};
				};
			};
			buildConfigurationList = DDF27ACA2269DC2C00057AF9 /* Build configuration list for PBXProject "UIButtonAnimations" */;
			compatibilityVersion = "Xcode 9.3";
			developmentRegion = en;
			hasScannedForEncodings = 0;
			knownRegions = (
				en,
				Base,
			);
			mainGroup = DDF27AC62269DC2C00057AF9;
			productRefGroup = DDF27AD02269DC2C00057AF9 /* Products */;
			projectDirPath = "";
			projectRoot = "";
			targets = (
				DDF27ACE2269DC2C00057AF9 /* UIButtonAnimations */,
				DDF27AE22269DC2D00057AF9 /* UIButtonAnimationsTests */,
			);
		};
/* End PBXProject section */

/* Begin PBXResourcesBuildPhase section */
		DDF27ACD2269DC2C00057AF9 /* Resources */ = {
			isa = PBXResourcesBuildPhase;
			buildActionMask = 2147483647;
			files = (
				DDF27ADD2269DC2D00057AF9 /* LaunchScreen.storyboard in Resources */,
				DDF27ADA2269DC2D00057AF9 /* Assets.xcassets in Resources */,
				DDF27AD82269DC2C00057AF9 /* Main.storyboard in Resources */,
			);
			runOnlyForDeploymentPostprocessing = 0;
		};
		DDF27AE12269DC2D00057AF9 /* Resources */ = {
			isa = PBXResourcesBuildPhase;
			buildActionMask = 2147483647;
			files = (
			);
			runOnlyForDeploymentPostprocessing = 0;
		};
/* End PBXResourcesBuildPhase section */

/* Begin PBXSourcesBuildPhase section */
		DDF27ACB2269DC2C00057AF9 /* Sources */ = {
			isa = PBXSourcesBuildPhase;
			buildActionMask = 2147483647;
			files = (
				DDF27AD52269DC2C00057AF9 /* ViewController.swift in Sources */,
				DDF27AF32269DCAE00057AF9 /* RoundedButton.swift in Sources */,
				DDF27AD32269DC2C00057AF9 /* AppDelegate.swift in Sources */,
			);
			runOnlyForDeploymentPostprocessing = 0;
		};
		DDF27ADF2269DC2D00057AF9 /* Sources */ = {
			isa = PBXSourcesBuildPhase;
			buildActionMask = 2147483647;
			files = (
				DDF27AE82269DC2D00057AF9 /* UIButtonAnimationsTests.swift in Sources */,
			);
			runOnlyForDeploymentPostprocessing = 0;
		};
/* End PBXSourcesBuildPhase section */

/* Begin PBXTargetDependency section */
		DDF27AE52269DC2D00057AF9 /* PBXTargetDependency */ = {
			isa = PBXTargetDependency;
			target = DDF27ACE2269DC2C00057AF9 /* UIButtonAnimations */;
			targetProxy = DDF27AE42269DC2D00057AF9 /* PBXContainerItemProxy */;
		};
/* End PBXTargetDependency section */

/* Begin PBXVariantGroup section */
		DDF27AD62269DC2C00057AF9 /* Main.storyboard */ = {
			isa = PBXVariantGroup;
			children = (
				DDF27AD72269DC2C00057AF9 /* Base */,
			);
			name = Main.storyboard;
			sourceTree = "<group>";
		};
		DDF27ADB2269DC2D00057AF9 /* LaunchScreen.storyboard */ = {
			isa = PBXVariantGroup;
			children = (
				DDF27ADC2269DC2D00057AF9 /* Base */,
			);
			name = LaunchScreen.storyboard;
			sourceTree = "<group>";
		};
/* End PBXVariantGroup section */

/* Begin XCBuildConfiguration section */
		DDF27AEA2269DC2D00057AF9 /* Debug */ = {
			isa = XCBuildConfiguration;
			buildSettings = {
				ALWAYS_SEARCH_USER_PATHS = NO;
				CLANG_ANALYZER_NONNULL = YES;
				CLANG_ANALYZER_NUMBER_OBJECT_CONVERSION = YES_AGGRESSIVE;
				CLANG_CXX_LANGUAGE_STANDARD = "gnu++14";
				CLANG_CXX_LIBRARY = "libc++";
				CLANG_ENABLE_MODULES = YES;
				CLANG_ENABLE_OBJC_ARC = YES;
				CLANG_ENABLE_OBJC_WEAK = YES;
				CLANG_WARN_BLOCK_CAPTURE_AUTORELEASING = YES;
				CLANG_WARN_BOOL_CONVERSION = YES;
				CLANG_WARN_COMMA = YES;
				CLANG_WARN_CONSTANT_CONVERSION = YES;
				CLANG_WARN_DEPRECATED_OBJC_IMPLEMENTATIONS = YES;
				CLANG_WARN_DIRECT_OBJC_ISA_USAGE = YES_ERROR;
				CLANG_WARN_DOCUMENTATION_COMMENTS = YES;
				CLANG_WARN_EMPTY_BODY = YES;
				CLANG_WARN_ENUM_CONVERSION = YES;
				CLANG_WARN_INFINITE_RECURSION = YES;
				CLANG_WARN_INT_CONVERSION = YES;
				CLANG_WARN_NON_LITERAL_NULL_CONVERSION = YES;
				CLANG_WARN_OBJC_IMPLICIT_RETAIN_SELF = YES;
				CLANG_WARN_OBJC_LITERAL_CONVERSION = YES;
				CLANG_WARN_OBJC_ROOT_CLASS = YES_ERROR;
				CLANG_WARN_RANGE_LOOP_ANALYSIS = YES;
				CLANG_WARN_STRICT_PROTOTYPES = YES;
				CLANG_WARN_SUSPICIOUS_MOVE = YES;
				CLANG_WARN_UNGUARDED_AVAILABILITY = YES_AGGRESSIVE;
				CLANG_WARN_UNREACHABLE_CODE = YES;
				CLANG_WARN__DUPLICATE_METHOD_MATCH = YES;
				CODE_SIGN_IDENTITY = "iPhone Developer";
				COPY_PHASE_STRIP = NO;
				DEBUG_INFORMATION_FORMAT = dwarf;
				ENABLE_STRICT_OBJC_MSGSEND = YES;
				ENABLE_TESTABILITY = YES;
				GCC_C_LANGUAGE_STANDARD = gnu11;
				GCC_DYNAMIC_NO_PIC = NO;
				GCC_NO_COMMON_BLOCKS = YES;
				GCC_OPTIMIZATION_LEVEL = 0;
				GCC_PREPROCESSOR_DEFINITIONS = (
					"DEBUG=1",
					"$(inherited)",
				);
				GCC_WARN_64_TO_32_BIT_CONVERSION = YES;
				GCC_WARN_ABOUT_RETURN_TYPE = YES_ERROR;
				GCC_WARN_UNDECLARED_SELECTOR = YES;
				GCC_WARN_UNINITIALIZED_AUTOS = YES_AGGRESSIVE;
				GCC_WARN_UNUSED_FUNCTION = YES;
				GCC_WARN_UNUSED_VARIABLE = YES;
				IPHONEOS_DEPLOYMENT_TARGET = 12.1;
				MTL_ENABLE_DEBUG_INFO = INCLUDE_SOURCE;
				MTL_FAST_MATH = YES;
				ONLY_ACTIVE_ARCH = YES;
				SDKROOT = iphoneos;
				SWIFT_ACTIVE_COMPILATION_CONDITIONS = DEBUG;
				SWIFT_OPTIMIZATION_LEVEL = "-Onone";
			};
			name = Debug;
		};
		DDF27AEB2269DC2D00057AF9 /* Release */ = {
			isa = XCBuildConfiguration;
			buildSettings = {
				ALWAYS_SEARCH_USER_PATHS = NO;
				CLANG_ANALYZER_NONNULL = YES;
				CLANG_ANALYZER_NUMBER_OBJECT_CONVERSION = YES_AGGRESSIVE;
				CLANG_CXX_LANGUAGE_STANDARD = "gnu++14";
				CLANG_CXX_LIBRARY = "libc++";
				CLANG_ENABLE_MODULES = YES;
				CLANG_ENABLE_OBJC_ARC = YES;
				CLANG_ENABLE_OBJC_WEAK = YES;
				CLANG_WARN_BLOCK_CAPTURE_AUTORELEASING = YES;
				CLANG_WARN_BOOL_CONVERSION = YES;
				CLANG_WARN_COMMA = YES;
				CLANG_WARN_CONSTANT_CONVERSION = YES;
				CLANG_WARN_DEPRECATED_OBJC_IMPLEMENTATIONS = YES;
				CLANG_WARN_DIRECT_OBJC_ISA_USAGE = YES_ERROR;
				CLANG_WARN_DOCUMENTATION_COMMENTS = YES;
				CLANG_WARN_EMPTY_BODY = YES;
				CLANG_WARN_ENUM_CONVERSION = YES;
				CLANG_WARN_INFINITE_RECURSION = YES;
				CLANG_WARN_INT_CONVERSION = YES;
				CLANG_WARN_NON_LITERAL_NULL_CONVERSION = YES;
				CLANG_WARN_OBJC_IMPLICIT_RETAIN_SELF = YES;
				CLANG_WARN_OBJC_LITERAL_CONVERSION = YES;
				CLANG_WARN_OBJC_ROOT_CLASS = YES_ERROR;
				CLANG_WARN_RANGE_LOOP_ANALYSIS = YES;
				CLANG_WARN_STRICT_PROTOTYPES = YES;
				CLANG_WARN_SUSPICIOUS_MOVE = YES;
				CLANG_WARN_UNGUARDED_AVAILABILITY = YES_AGGRESSIVE;
				CLANG_WARN_UNREACHABLE_CODE = YES;
				CLANG_WARN__DUPLICATE_METHOD_MATCH = YES;
				CODE_SIGN_IDENTITY = "iPhone Developer";
				COPY_PHASE_STRIP = NO;
				DEBUG_INFORMATION_FORMAT = "dwarf-with-dsym";
				ENABLE_NS_ASSERTIONS = NO;
				ENABLE_STRICT_OBJC_MSGSEND = YES;
				GCC_C_LANGUAGE_STANDARD = gnu11;
				GCC_NO_COMMON_BLOCKS = YES;
				GCC_WARN_64_TO_32_BIT_CONVERSION = YES;
				GCC_WARN_ABOUT_RETURN_TYPE = YES_ERROR;
				GCC_WARN_UNDECLARED_SELECTOR = YES;
				GCC_WARN_UNINITIALIZED_AUTOS = YES_AGGRESSIVE;
				GCC_WARN_UNUSED_FUNCTION = YES;
				GCC_WARN_UNUSED_VARIABLE = YES;
				IPHONEOS_DEPLOYMENT_TARGET = 12.1;
				MTL_ENABLE_DEBUG_INFO = NO;
				MTL_FAST_MATH = YES;
				SDKROOT = iphoneos;
				SWIFT_COMPILATION_MODE = wholemodule;
				SWIFT_OPTIMIZATION_LEVEL = "-O";
				VALIDATE_PRODUCT = YES;
			};
			name = Release;
		};
		DDF27AED2269DC2D00057AF9 /* Debug */ = {
			isa = XCBuildConfiguration;
			buildSettings = {
				ASSETCATALOG_COMPILER_APPICON_NAME = AppIcon;
				CODE_SIGN_STYLE = Automatic;
				DEVELOPMENT_TEAM = 78H8YX44B3;
				INFOPLIST_FILE = UIButtonAnimations/Info.plist;
				LD_RUNPATH_SEARCH_PATHS = (
					"$(inherited)",
					"@executable_path/Frameworks",
				);
				PRODUCT_BUNDLE_IDENTIFIER = com.rozeridilar.UIButtonAnimations;
				PRODUCT_NAME = "$(TARGET_NAME)";
				SWIFT_VERSION = 4.2;
				TARGETED_DEVICE_FAMILY = "1,2";
			};
			name = Debug;
		};
		DDF27AEE2269DC2D00057AF9 /* Release */ = {
			isa = XCBuildConfiguration;
			buildSettings = {
				ASSETCATALOG_COMPILER_APPICON_NAME = AppIcon;
				CODE_SIGN_STYLE = Automatic;
				DEVELOPMENT_TEAM = 78H8YX44B3;
				INFOPLIST_FILE = UIButtonAnimations/Info.plist;
				LD_RUNPATH_SEARCH_PATHS = (
					"$(inherited)",
					"@executable_path/Frameworks",
				);
				PRODUCT_BUNDLE_IDENTIFIER = com.rozeridilar.UIButtonAnimations;
				PRODUCT_NAME = "$(TARGET_NAME)";
				SWIFT_VERSION = 4.2;
				TARGETED_DEVICE_FAMILY = "1,2";
			};
			name = Release;
		};
		DDF27AF02269DC2D00057AF9 /* Debug */ = {
			isa = XCBuildConfiguration;
			buildSettings = {
				ALWAYS_EMBED_SWIFT_STANDARD_LIBRARIES = YES;
				BUNDLE_LOADER = "$(TEST_HOST)";
				CODE_SIGN_STYLE = Automatic;
				DEVELOPMENT_TEAM = 78H8YX44B3;
				INFOPLIST_FILE = UIButtonAnimationsTests/Info.plist;
				LD_RUNPATH_SEARCH_PATHS = (
					"$(inherited)",
					"@executable_path/Frameworks",
					"@loader_path/Frameworks",
				);
				PRODUCT_BUNDLE_IDENTIFIER = com.rozeridilar.UIButtonAnimationsTests;
				PRODUCT_NAME = "$(TARGET_NAME)";
				SWIFT_VERSION = 4.2;
				TARGETED_DEVICE_FAMILY = "1,2";
				TEST_HOST = "$(BUILT_PRODUCTS_DIR)/UIButtonAnimations.app/UIButtonAnimations";
			};
			name = Debug;
		};
		DDF27AF12269DC2D00057AF9 /* Release */ = {
			isa = XCBuildConfiguration;
			buildSettings = {
				ALWAYS_EMBED_SWIFT_STANDARD_LIBRARIES = YES;
				BUNDLE_LOADER = "$(TEST_HOST)";
				CODE_SIGN_STYLE = Automatic;
				DEVELOPMENT_TEAM = 78H8YX44B3;
				INFOPLIST_FILE = UIButtonAnimationsTests/Info.plist;
				LD_RUNPATH_SEARCH_PATHS = (
					"$(inherited)",
					"@executable_path/Frameworks",
					"@loader_path/Frameworks",
				);
				PRODUCT_BUNDLE_IDENTIFIER = com.rozeridilar.UIButtonAnimationsTests;
				PRODUCT_NAME = "$(TARGET_NAME)";
				SWIFT_VERSION = 4.2;
				TARGETED_DEVICE_FAMILY = "1,2";
				TEST_HOST = "$(BUILT_PRODUCTS_DIR)/UIButtonAnimations.app/UIButtonAnimations";
			};
			name = Release;
		};
/* End XCBuildConfiguration section */

/* Begin XCConfigurationList section */
		DDF27ACA2269DC2C00057AF9 /* Build configuration list for PBXProject "UIButtonAnimations" */ = {
			isa = XCConfigurationList;
			buildConfigurations = (
				DDF27AEA2269DC2D00057AF9 /* Debug */,
				DDF27AEB2269DC2D00057AF9 /* Release */,
			);
			defaultConfigurationIsVisible = 0;
			defaultConfigurationName = Release;
		};
		DDF27AEC2269DC2D00057AF9 /* Build configuration list for PBXNativeTarget "UIButtonAnimations" */ = {
			isa = XCConfigurationList;
			buildConfigurations = (
				DDF27AED2269DC2D00057AF9 /* Debug */,
				DDF27AEE2269DC2D00057AF9 /* Release */,
			);
			defaultConfigurationIsVisible = 0;
			defaultConfigurationName = Release;
		};
		DDF27AEF2269DC2D00057AF9 /* Build configuration list for PBXNativeTarget "UIButtonAnimationsTests" */ = {
			isa = XCConfigurationList;
			buildConfigurations = (
				DDF27AF02269DC2D00057AF9 /* Debug */,
				DDF27AF12269DC2D00057AF9 /* Release */,
			);
			defaultConfigurationIsVisible = 0;
			defaultConfigurationName = Release;
		};
/* End XCConfigurationList section */
	};
	rootObject = DDF27AC72269DC2C00057AF9 /* Project object */;
}
